
Microsoft Visual Studio Solution File, Format Version 12.00
# Visual Studio Version 17
VisualStudioVersion = 17.5.33414.496
MinimumVisualStudioVersion = 10.0.40219.1
Project("{FAE04EC0-301F-11D3-BF4B-00C04F79EFBC}") = "ExercicioString1", "ExercicioString1\ExercicioString1.csproj", "{8C9DE833-751B-425C-B4BF-B1EB6F3C687A}"
EndProject
Global
	GlobalSection(SolutionConfigurationPlatforms) = preSolution
		Debug|Any CPU = Debug|Any CPU
		Release|Any CPU = Release|Any CPU
	EndGlobalSection
	GlobalSection(ProjectConfigurationPlatforms) = postSolution
		{8C9DE833-751B-425C-B4BF-B1EB6F3C687A}.Debug|Any CPU.ActiveCfg = Debug|Any CPU
		{8C9DE833-751B-425C-B4BF-B1EB6F3C687A}.Debug|Any CPU.Build.0 = Debug|Any CPU
		{8C9DE833-751B-425C-B4BF-B1EB6F3C687A}.Release|Any CPU.ActiveCfg = Release|Any CPU
		{8C9DE833-751B-425C-B4BF-B1EB6F3C687A}.Release|Any CPU.Build.0 = Release|Any CPU
	EndGlobalSection
	GlobalSection(SolutionProperties) = preSolution
		HideSolutionNode = FALSE
	EndGlobalSection
	GlobalSection(ExtensibilityGlobals) = postSolution
		SolutionGuid = {5094D5B5-EE2A-4BE6-A67C-FF199CE9CD4E}
	EndGlobalSection
EndGlobal
